
Microsoft Visual Studio Solution File, Format Version 12.00
# Visual Studio Version 17
VisualStudioVersion = 17.3.32811.315
MinimumVisualStudioVersion = 10.0.40219.1
Project("{2150E333-8FDC-42A3-9474-1A3956D46DE8}") = "Core", "Core", "{DB353359-D43D-4BF0-AB62-D424B54ECEEA}"
EndProject
Project("{9A19103F-16F7-4668-BE54-9A1E7A4F7556}") = "DevQuotes.Domain", "DevQuotes.Domain\DevQuotes.Domain.csproj", "{680CCF01-E7D3-4C65-8D48-F00286CE4D9A}"
EndProject
Project("{9A19103F-16F7-4668-BE54-9A1E7A4F7556}") = "DevQuotes.Infrastructure", "DevQuotes.Infrastructure\DevQuotes.Infrastructure.csproj", "{7B53D7B3-C61C-4FBF-84F4-177B6BA3A73D}"
EndProject
Project("{9A19103F-16F7-4668-BE54-9A1E7A4F7556}") = "DevQuotes.Communication", "DevQuotes.Communication\DevQuotes.Communication.csproj", "{B50A8E43-0B2B-440C-A276-4753B0C0640A}"
EndProject
Project("{9A19103F-16F7-4668-BE54-9A1E7A4F7556}") = "DevQuotes.Shared", "DevQuotes.Shared\DevQuotes.Shared.csproj", "{1B637560-2FA7-4916-A9D6-C94CCC44F003}"
EndProject
Project("{9A19103F-16F7-4668-BE54-9A1E7A4F7556}") = "DevQuotes.Exceptions", "DevQuotes.Exceptions\DevQuotes.Exceptions.csproj", "{4A277F72-12D2-4EEC-8DCE-F1BBEA76A6B0}"
EndProject
Project("{9A19103F-16F7-4668-BE54-9A1E7A4F7556}") = "DevQuotes.Application", "DevQuotes.Application\DevQuotes.Application.csproj", "{68586A6E-FDE5-41AC-9027-A621503758AB}"
EndProject
Project("{9A19103F-16F7-4668-BE54-9A1E7A4F7556}") = "DevQuotes.Api", "DevQuotes.Api\DevQuotes.Api.csproj", "{1FFFE904-01F2-42BE-9169-2C6A47577710}"
EndProject
Global
	GlobalSection(SolutionConfigurationPlatforms) = preSolution
		Debug|Any CPU = Debug|Any CPU
		Release|Any CPU = Release|Any CPU
	EndGlobalSection
	GlobalSection(ProjectConfigurationPlatforms) = postSolution
		{680CCF01-E7D3-4C65-8D48-F00286CE4D9A}.Debug|Any CPU.ActiveCfg = Debug|Any CPU
		{680CCF01-E7D3-4C65-8D48-F00286CE4D9A}.Debug|Any CPU.Build.0 = Debug|Any CPU
		{680CCF01-E7D3-4C65-8D48-F00286CE4D9A}.Release|Any CPU.ActiveCfg = Release|Any CPU
		{680CCF01-E7D3-4C65-8D48-F00286CE4D9A}.Release|Any CPU.Build.0 = Release|Any CPU
		{7B53D7B3-C61C-4FBF-84F4-177B6BA3A73D}.Debug|Any CPU.ActiveCfg = Debug|Any CPU
		{7B53D7B3-C61C-4FBF-84F4-177B6BA3A73D}.Debug|Any CPU.Build.0 = Debug|Any CPU
		{7B53D7B3-C61C-4FBF-84F4-177B6BA3A73D}.Release|Any CPU.ActiveCfg = Release|Any CPU
		{7B53D7B3-C61C-4FBF-84F4-177B6BA3A73D}.Release|Any CPU.Build.0 = Release|Any CPU
		{B50A8E43-0B2B-440C-A276-4753B0C0640A}.Debug|Any CPU.ActiveCfg = Debug|Any CPU
		{B50A8E43-0B2B-440C-A276-4753B0C0640A}.Debug|Any CPU.Build.0 = Debug|Any CPU
		{B50A8E43-0B2B-440C-A276-4753B0C0640A}.Release|Any CPU.ActiveCfg = Release|Any CPU
		{B50A8E43-0B2B-440C-A276-4753B0C0640A}.Release|Any CPU.Build.0 = Release|Any CPU
		{1B637560-2FA7-4916-A9D6-C94CCC44F003}.Debug|Any CPU.ActiveCfg = Debug|Any CPU
		{1B637560-2FA7-4916-A9D6-C94CCC44F003}.Debug|Any CPU.Build.0 = Debug|Any CPU
		{1B637560-2FA7-4916-A9D6-C94CCC44F003}.Release|Any CPU.ActiveCfg = Release|Any CPU
		{1B637560-2FA7-4916-A9D6-C94CCC44F003}.Release|Any CPU.Build.0 = Release|Any CPU
		{4A277F72-12D2-4EEC-8DCE-F1BBEA76A6B0}.Debug|Any CPU.ActiveCfg = Debug|Any CPU
		{4A277F72-12D2-4EEC-8DCE-F1BBEA76A6B0}.Debug|Any CPU.Build.0 = Debug|Any CPU
		{4A277F72-12D2-4EEC-8DCE-F1BBEA76A6B0}.Release|Any CPU.ActiveCfg = Release|Any CPU
		{4A277F72-12D2-4EEC-8DCE-F1BBEA76A6B0}.Release|Any CPU.Build.0 = Release|Any CPU
		{68586A6E-FDE5-41AC-9027-A621503758AB}.Debug|Any CPU.ActiveCfg = Debug|Any CPU
		{68586A6E-FDE5-41AC-9027-A621503758AB}.Debug|Any CPU.Build.0 = Debug|Any CPU
		{68586A6E-FDE5-41AC-9027-A621503758AB}.Release|Any CPU.ActiveCfg = Release|Any CPU
		{68586A6E-FDE5-41AC-9027-A621503758AB}.Release|Any CPU.Build.0 = Release|Any CPU
		{1FFFE904-01F2-42BE-9169-2C6A47577710}.Debug|Any CPU.ActiveCfg = Debug|Any CPU
		{1FFFE904-01F2-42BE-9169-2C6A47577710}.Debug|Any CPU.Build.0 = Debug|Any CPU
		{1FFFE904-01F2-42BE-9169-2C6A47577710}.Release|Any CPU.ActiveCfg = Release|Any CPU
		{1FFFE904-01F2-42BE-9169-2C6A47577710}.Release|Any CPU.Build.0 = Release|Any CPU
	EndGlobalSection
	GlobalSection(SolutionProperties) = preSolution
		HideSolutionNode = FALSE
	EndGlobalSection
	GlobalSection(NestedProjects) = preSolution
		{680CCF01-E7D3-4C65-8D48-F00286CE4D9A} = {DB353359-D43D-4BF0-AB62-D424B54ECEEA}
		{7B53D7B3-C61C-4FBF-84F4-177B6BA3A73D} = {DB353359-D43D-4BF0-AB62-D424B54ECEEA}
		{B50A8E43-0B2B-440C-A276-4753B0C0640A} = {DB353359-D43D-4BF0-AB62-D424B54ECEEA}
		{1B637560-2FA7-4916-A9D6-C94CCC44F003} = {DB353359-D43D-4BF0-AB62-D424B54ECEEA}
		{4A277F72-12D2-4EEC-8DCE-F1BBEA76A6B0} = {DB353359-D43D-4BF0-AB62-D424B54ECEEA}
		{68586A6E-FDE5-41AC-9027-A621503758AB} = {DB353359-D43D-4BF0-AB62-D424B54ECEEA}
	EndGlobalSection
	GlobalSection(ExtensibilityGlobals) = postSolution
		SolutionGuid = {D439D101-57A6-4FDB-B561-9E27773E28B3}
	EndGlobalSection
EndGlobal
