
Microsoft Visual Studio Solution File, Format Version 12.00
# Visual Studio Version 17
VisualStudioVersion = 17.3.32811.315
MinimumVisualStudioVersion = 10.0.40219.1
Project("{2150E333-8FDC-42A3-9474-1A3956D46DE8}") = "Server", "Server", "{488953C3-C11E-40F9-89AD-7EABC0C974AD}"
EndProject
Project("{2150E333-8FDC-42A3-9474-1A3956D46DE8}") = "Services", "Services", "{DB353359-D43D-4BF0-AB62-D424B54ECEEA}"
EndProject
Project("{FAE04EC0-301F-11D3-BF4B-00C04F79EFBC}") = "DevQuotes.Extensions", "DevQuotes.Extensions\DevQuotes.Extensions.csproj", "{06E8B14E-03C4-487E-B34A-F5EA516AF960}"
EndProject
Project("{FAE04EC0-301F-11D3-BF4B-00C04F79EFBC}") = "DevQuotes.Server", "DevQuotes.Server\DevQuotes.Server.csproj", "{B2100A57-8BF8-4831-907E-32D0FEBCF122}"
EndProject
Project("{FAE04EC0-301F-11D3-BF4B-00C04F79EFBC}") = "DevQuotes.Models", "DevQuotes.Models\DevQuotes.Models.csproj", "{1B82D0A9-ECA8-4AA1-BD23-C46794CF186F}"
EndProject
Global
	GlobalSection(SolutionConfigurationPlatforms) = preSolution
		Debug|Any CPU = Debug|Any CPU
		Release|Any CPU = Release|Any CPU
	EndGlobalSection
	GlobalSection(ProjectConfigurationPlatforms) = postSolution
		{06E8B14E-03C4-487E-B34A-F5EA516AF960}.Debug|Any CPU.ActiveCfg = Debug|Any CPU
		{06E8B14E-03C4-487E-B34A-F5EA516AF960}.Debug|Any CPU.Build.0 = Debug|Any CPU
		{06E8B14E-03C4-487E-B34A-F5EA516AF960}.Release|Any CPU.ActiveCfg = Release|Any CPU
		{06E8B14E-03C4-487E-B34A-F5EA516AF960}.Release|Any CPU.Build.0 = Release|Any CPU
		{B2100A57-8BF8-4831-907E-32D0FEBCF122}.Debug|Any CPU.ActiveCfg = Debug|Any CPU
		{B2100A57-8BF8-4831-907E-32D0FEBCF122}.Debug|Any CPU.Build.0 = Debug|Any CPU
		{B2100A57-8BF8-4831-907E-32D0FEBCF122}.Release|Any CPU.ActiveCfg = Release|Any CPU
		{B2100A57-8BF8-4831-907E-32D0FEBCF122}.Release|Any CPU.Build.0 = Release|Any CPU
		{1B82D0A9-ECA8-4AA1-BD23-C46794CF186F}.Debug|Any CPU.ActiveCfg = Debug|Any CPU
		{1B82D0A9-ECA8-4AA1-BD23-C46794CF186F}.Debug|Any CPU.Build.0 = Debug|Any CPU
		{1B82D0A9-ECA8-4AA1-BD23-C46794CF186F}.Release|Any CPU.ActiveCfg = Release|Any CPU
		{1B82D0A9-ECA8-4AA1-BD23-C46794CF186F}.Release|Any CPU.Build.0 = Release|Any CPU
	EndGlobalSection
	GlobalSection(SolutionProperties) = preSolution
		HideSolutionNode = FALSE
	EndGlobalSection
	GlobalSection(NestedProjects) = preSolution
		{06E8B14E-03C4-487E-B34A-F5EA516AF960} = {DB353359-D43D-4BF0-AB62-D424B54ECEEA}
		{B2100A57-8BF8-4831-907E-32D0FEBCF122} = {488953C3-C11E-40F9-89AD-7EABC0C974AD}
		{1B82D0A9-ECA8-4AA1-BD23-C46794CF186F} = {DB353359-D43D-4BF0-AB62-D424B54ECEEA}
	EndGlobalSection
	GlobalSection(ExtensibilityGlobals) = postSolution
		SolutionGuid = {D439D101-57A6-4FDB-B561-9E27773E28B3}
	EndGlobalSection
EndGlobal
